{
  "version": 1,
  "dependencies": {
    "net8.0-windows10.0.19041": {
      "Microsoft.Web.WebView2": {
        "type": "Direct",
        "requested": "[1.0.4129.50]",
        "resolved": "1.0.4129.50",
        "contentHash": "9TM9AZpDUiAb6OJB9s6thxl63BJFgbINcp047Zy+oiz9+cjgLhFrMRZ5Be+5wVHGvMJR3z1rmPWeJipo4g0sJw=="
      }
    }
  }
}
